
Microsoft Visual Studio Solution File, Format Version 12.00
# Visual Studio 15
VisualStudioVersion = 15.0.27703.2042
MinimumVisualStudioVersion = 10.0.40219.1
Project("{8BC9CEB8-8B4A-11D0-8D11-00A0C91BC942}") = "SpeechVoice", "SpeechVoice\SpeechVoice.vcxproj", "{5588D3C2-1A90-45A2-A1F7-421B48878F28}"
EndProject
Project("{8BC9CEB8-8B4A-11D0-8D11-00A0C91BC942}") = "ConsoleApplication1", "ConsoleApplication1\ConsoleApplication1.vcxproj", "{FD877F76-186F-4837-831D-C70AEB0A4759}"
EndProject
Project("{8BC9CEB8-8B4A-11D0-8D11-00A0C91BC942}") = "Dll1", "Dll1\Dll1.vcxproj", "{9D0F7DB2-CA37-439C-A80C-226C351AF5E5}"
EndProject
Global
	GlobalSection(SolutionConfigurationPlatforms) = preSolution
		Debug|x64 = Debug|x64
		Debug|x86 = Debug|x86
		Release|x64 = Release|x64
		Release|x86 = Release|x86
	EndGlobalSection
	GlobalSection(ProjectConfigurationPlatforms) = postSolution
		{5588D3C2-1A90-45A2-A1F7-421B48878F28}.Debug|x64.ActiveCfg = Debug|x64
		{5588D3C2-1A90-45A2-A1F7-421B48878F28}.Debug|x64.Build.0 = Debug|x64
		{5588D3C2-1A90-45A2-A1F7-421B48878F28}.Debug|x86.ActiveCfg = Debug|Win32
		{5588D3C2-1A90-45A2-A1F7-421B48878F28}.Debug|x86.Build.0 = Debug|Win32
		{5588D3C2-1A90-45A2-A1F7-421B48878F28}.Release|x64.ActiveCfg = Release|x64
		{5588D3C2-1A90-45A2-A1F7-421B48878F28}.Release|x64.Build.0 = Release|x64
		{5588D3C2-1A90-45A2-A1F7-421B48878F28}.Release|x86.ActiveCfg = Release|Win32
		{5588D3C2-1A90-45A2-A1F7-421B48878F28}.Release|x86.Build.0 = Release|Win32
		{FD877F76-186F-4837-831D-C70AEB0A4759}.Debug|x64.ActiveCfg = Debug|x64
		{FD877F76-186F-4837-831D-C70AEB0A4759}.Debug|x64.Build.0 = Debug|x64
		{FD877F76-186F-4837-831D-C70AEB0A4759}.Debug|x86.ActiveCfg = Debug|Win32
		{FD877F76-186F-4837-831D-C70AEB0A4759}.Debug|x86.Build.0 = Debug|Win32
		{FD877F76-186F-4837-831D-C70AEB0A4759}.Release|x64.ActiveCfg = Release|x64
		{FD877F76-186F-4837-831D-C70AEB0A4759}.Release|x64.Build.0 = Release|x64
		{FD877F76-186F-4837-831D-C70AEB0A4759}.Release|x86.ActiveCfg = Release|Win32
		{FD877F76-186F-4837-831D-C70AEB0A4759}.Release|x86.Build.0 = Release|Win32
		{9D0F7DB2-CA37-439C-A80C-226C351AF5E5}.Debug|x64.ActiveCfg = Debug|x64
		{9D0F7DB2-CA37-439C-A80C-226C351AF5E5}.Debug|x64.Build.0 = Debug|x64
		{9D0F7DB2-CA37-439C-A80C-226C351AF5E5}.Debug|x86.ActiveCfg = Debug|Win32
		{9D0F7DB2-CA37-439C-A80C-226C351AF5E5}.Debug|x86.Build.0 = Debug|Win32
		{9D0F7DB2-CA37-439C-A80C-226C351AF5E5}.Release|x64.ActiveCfg = Release|x64
		{9D0F7DB2-CA37-439C-A80C-226C351AF5E5}.Release|x64.Build.0 = Release|x64
		{9D0F7DB2-CA37-439C-A80C-226C351AF5E5}.Release|x86.ActiveCfg = Release|Win32
		{9D0F7DB2-CA37-439C-A80C-226C351AF5E5}.Release|x86.Build.0 = Release|Win32
	EndGlobalSection
	GlobalSection(SolutionProperties) = preSolution
		HideSolutionNode = FALSE
	EndGlobalSection
	GlobalSection(ExtensibilityGlobals) = postSolution
		SolutionGuid = {ABD7EFC8-A212-4115-B8F6-D01D0AAE7706}
	EndGlobalSection
EndGlobal
